
Microsoft Visual Studio Solution File, Format Version 12.00
# Visual Studio 14
VisualStudioVersion = 14.0.24720.0
MinimumVisualStudioVersion = 10.0.40219.1
Project("{FAE04EC0-301F-11D3-BF4B-00C04F79EFBC}") = "GenericsAndCollections", "GenericsAndCollections\GenericsAndCollections.csproj", "{60067282-7C18-441B-AC59-FADCB1958528}"
EndProject
Project("{FAE04EC0-301F-11D3-BF4B-00C04F79EFBC}") = "FunctionalParadigmAndLINQ", "FunctionalParadigmAndLINQ\FunctionalParadigmAndLINQ.csproj", "{C28F160F-DFB1-4FA1-A6F0-84A46D4BC368}"
EndProject
Project("{FAE04EC0-301F-11D3-BF4B-00C04F79EFBC}") = "EncodingDisposalGarbageCollection", "EncodingDisposalGarbageCollection\EncodingDisposalGarbageCollection.csproj", "{FA8E9399-A51D-499F-8C2A-A4AB9BDA6B1F}"
EndProject
Global
	GlobalSection(SolutionConfigurationPlatforms) = preSolution
		Debug|Any CPU = Debug|Any CPU
		Release|Any CPU = Release|Any CPU
	EndGlobalSection
	GlobalSection(ProjectConfigurationPlatforms) = postSolution
		{60067282-7C18-441B-AC59-FADCB1958528}.Debug|Any CPU.ActiveCfg = Debug|Any CPU
		{60067282-7C18-441B-AC59-FADCB1958528}.Debug|Any CPU.Build.0 = Debug|Any CPU
		{60067282-7C18-441B-AC59-FADCB1958528}.Release|Any CPU.ActiveCfg = Release|Any CPU
		{60067282-7C18-441B-AC59-FADCB1958528}.Release|Any CPU.Build.0 = Release|Any CPU
		{C28F160F-DFB1-4FA1-A6F0-84A46D4BC368}.Debug|Any CPU.ActiveCfg = Debug|Any CPU
		{C28F160F-DFB1-4FA1-A6F0-84A46D4BC368}.Debug|Any CPU.Build.0 = Debug|Any CPU
		{C28F160F-DFB1-4FA1-A6F0-84A46D4BC368}.Release|Any CPU.ActiveCfg = Release|Any CPU
		{C28F160F-DFB1-4FA1-A6F0-84A46D4BC368}.Release|Any CPU.Build.0 = Release|Any CPU
		{FA8E9399-A51D-499F-8C2A-A4AB9BDA6B1F}.Debug|Any CPU.ActiveCfg = Debug|Any CPU
		{FA8E9399-A51D-499F-8C2A-A4AB9BDA6B1F}.Debug|Any CPU.Build.0 = Debug|Any CPU
		{FA8E9399-A51D-499F-8C2A-A4AB9BDA6B1F}.Release|Any CPU.ActiveCfg = Release|Any CPU
		{FA8E9399-A51D-499F-8C2A-A4AB9BDA6B1F}.Release|Any CPU.Build.0 = Release|Any CPU
	EndGlobalSection
	GlobalSection(SolutionProperties) = preSolution
		HideSolutionNode = FALSE
	EndGlobalSection
EndGlobal
